
Microsoft Visual Studio Solution File, Format Version 12.00
# Visual Studio 15
VisualStudioVersion = 15.0.27703.2035
MinimumVisualStudioVersion = 10.0.40219.1
Project("{888888A0-9F3D-457C-B088-3A5042F75D52}") = "Parabolas", "Parabolas\Parabolas.pyproj", "{48EAF1B0-3267-48C5-A3D5-2BD6B057B989}"
EndProject
Global
	GlobalSection(SolutionConfigurationPlatforms) = preSolution
		Debug|Any CPU = Debug|Any CPU
		Release|Any CPU = Release|Any CPU
	EndGlobalSection
	GlobalSection(ProjectConfigurationPlatforms) = postSolution
		{48EAF1B0-3267-48C5-A3D5-2BD6B057B989}.Debug|Any CPU.ActiveCfg = Debug|Any CPU
		{48EAF1B0-3267-48C5-A3D5-2BD6B057B989}.Release|Any CPU.ActiveCfg = Release|Any CPU
	EndGlobalSection
	GlobalSection(SolutionProperties) = preSolution
		HideSolutionNode = FALSE
	EndGlobalSection
	GlobalSection(ExtensibilityGlobals) = postSolution
		SolutionGuid = {B747036D-9EBC-4EE3-A76E-AACAB7980D61}
	EndGlobalSection
EndGlobal
